# This file is generated by running "yarn install" inside your project.
# Manual changes might be lost - proceed with caution!

__metadata:
  version: 6

"desk-calendar@workspace:.":
  version: 0.0.0-use.local
  resolution: "desk-calendar@workspace:."
  languageName: unknown
  linkType: soft

"lib@workspace:lib":
  version: 0.0.0-use.local
  resolution: "lib@workspace:lib"
  languageName: unknown
  linkType: soft
